{
  "name": "6a86b9e8aac43877c38ddaa0",
  "version": "1.0.0",
  "lockfileVersion": 3,
  "requires": true,
  "packages": {
    "": {
      "name": "6a86b9e8aac43877c38ddaa0",
      "version": "1.0.0",
      "license": "ISC",
      "dependencies": {
        "@cloudbase/cli": "^3.8.0"
      }
    },
    "node_modules/@cloudbase/cli": {
      "version": "3.8.0",
      "resolved": "https://registry.npmjs.org/@cloudbase/cli/-/cli-3.8.0.tgz",
      "integrity": "sha512-eNqd/HLDLubffwGgkVvNXGLKwX3KIzAbXPiGJSyeA9D8KBfRj+tOee6xqKJY4DGF8ZYZtAmGXtGMv65rvhlI3w==",
      "license": "ISC",
      "bin": {
        "cloudbase": "bin/cloudbase",
        "cloudbase-mcp": "bin/cloudbase-mcp",
        "tcb": "bin/tcb"
      }
    }
  }
}
